
Microsoft Visual Studio Solution File, Format Version 12.00
# Visual Studio Version 17
VisualStudioVersion = 17.10.35122.118
MinimumVisualStudioVersion = 10.0.40219.1
Project("{FAE04EC0-301F-11D3-BF4B-00C04F79EFBC}") = "Verein", "Verein\Verein.csproj", "{A946358F-2663-4766-BEBB-CE3F8BBA7FAD}"
EndProject
Global
	GlobalSection(SolutionConfigurationPlatforms) = preSolution
		Debug|Any CPU = Debug|Any CPU
		Release|Any CPU = Release|Any CPU
	EndGlobalSection
	GlobalSection(ProjectConfigurationPlatforms) = postSolution
		{A946358F-2663-4766-BEBB-CE3F8BBA7FAD}.Debug|Any CPU.ActiveCfg = Debug|Any CPU
		{A946358F-2663-4766-BEBB-CE3F8BBA7FAD}.Debug|Any CPU.Build.0 = Debug|Any CPU
		{A946358F-2663-4766-BEBB-CE3F8BBA7FAD}.Release|Any CPU.ActiveCfg = Release|Any CPU
		{A946358F-2663-4766-BEBB-CE3F8BBA7FAD}.Release|Any CPU.Build.0 = Release|Any CPU
	EndGlobalSection
	GlobalSection(SolutionProperties) = preSolution
		HideSolutionNode = FALSE
	EndGlobalSection
	GlobalSection(ExtensibilityGlobals) = postSolution
		SolutionGuid = {F0B411FB-72E9-4DEE-997E-730FFDD8D0DC}
	EndGlobalSection
EndGlobal
